<Solution>
  <Project Path="RetoTienda.Api/RetoTienda.Api.csproj" Id="97ea850e-e9ff-41ad-aec9-041bd513b95e" />
  <Project Path="RetoTiendda.Application/RetoTienda.Application.csproj" />
  <Project Path="RetoTiendda.Domain/RetoTienda.Domain.csproj" />
  <Project Path="RetoTiendda.Infrastructure/RetoTienda.Infrastructure.csproj" />
</Solution>
